// !$*UTF8*$!
{
	archiveVersion = 1;
	classes = {
	};
	objectVersion = 56;
	objects = {

/* Begin PBXBuildFile section */
		2688592E0D7070B2AE5C895D /* Pods_Today.framework in Frameworks */ = {isa = PBXBuildFile; fileRef = 054CB42F5C1E05CADD7AE95D /* Pods_Today.framework */; };
		4898FB482BB0A6CF004566D5 /* AppDelegate.swift in Sources */ = {isa = PBXBuildFile; fileRef = 4898FB472BB0A6CF004566D5 /* AppDelegate.swift */; };
		4898FB4C2BB0A6CF004566D5 /* RemindersListViewController.swift in Sources */ = {isa = PBXBuildFile; fileRef = 4898FB4B2BB0A6CF004566D5 /* RemindersListViewController.swift */; };
		4898FB512BB0A6D2004566D5 /* Assets.xcassets in Resources */ = {isa = PBXBuildFile; fileRef = 4898FB502BB0A6D2004566D5 /* Assets.xcassets */; };
		4898FB542BB0A6D2004566D5 /* LaunchScreen.storyboard in Resources */ = {isa = PBXBuildFile; fileRef = 4898FB522BB0A6D2004566D5 /* LaunchScreen.storyboard */; };
		48BAA4002BB982E30003E82F /* RemindersListPresenter.swift in Sources */ = {isa = PBXBuildFile; fileRef = 48BAA3FF2BB982E30003E82F /* RemindersListPresenter.swift */; };
		48BAA4022BB982F30003E82F /* RemindersListAssembly.swift in Sources */ = {isa = PBXBuildFile; fileRef = 48BAA4012BB982F30003E82F /* RemindersListAssembly.swift */; };
		48BAA4072BB98C820003E82F /* Reminder.swift in Sources */ = {isa = PBXBuildFile; fileRef = 48BAA4062BB98C820003E82F /* Reminder.swift */; };
/* End PBXBuildFile section */

/* Begin PBXFileReference section */
		054CB42F5C1E05CADD7AE95D /* Pods_Today.framework */ = {isa = PBXFileReference; explicitFileType = wrapper.framework; includeInIndex = 0; path = Pods_Today.framework; sourceTree = BUILT_PRODUCTS_DIR; };
		47C58314ACAC01F91AEA47B4 /* Pods-Today.debug.xcconfig */ = {isa = PBXFileReference; includeInIndex = 1; lastKnownFileType = text.xcconfig; name = "Pods-Today.debug.xcconfig"; path = "Target Support Files/Pods-Today/Pods-Today.debug.xcconfig"; sourceTree = "<group>"; };
		4898FB442BB0A6CF004566D5 /* Today.app */ = {isa = PBXFileReference; explicitFileType = wrapper.application; includeInIndex = 0; path = Today.app; sourceTree = BUILT_PRODUCTS_DIR; };
		4898FB472BB0A6CF004566D5 /* AppDelegate.swift */ = {isa = PBXFileReference; lastKnownFileType = sourcecode.swift; path = AppDelegate.swift; sourceTree = "<group>"; };
		4898FB4B2BB0A6CF004566D5 /* RemindersListViewController.swift */ = {isa = PBXFileReference; lastKnownFileType = sourcecode.swift; path = RemindersListViewController.swift; sourceTree = "<group>"; };
		4898FB502BB0A6D2004566D5 /* Assets.xcassets */ = {isa = PBXFileReference; lastKnownFileType = folder.assetcatalog; path = Assets.xcassets; sourceTree = "<group>"; };
		4898FB532BB0A6D2004566D5 /* Base */ = {isa = PBXFileReference; lastKnownFileType = file.storyboard; name = Base; path = Base.lproj/LaunchScreen.storyboard; sourceTree = "<group>"; };
		4898FB552BB0A6D2004566D5 /* Info.plist */ = {isa = PBXFileReference; lastKnownFileType = text.plist.xml; path = Info.plist; sourceTree = "<group>"; };
		48BAA3FF2BB982E30003E82F /* RemindersListPresenter.swift */ = {isa = PBXFileReference; lastKnownFileType = sourcecode.swift; path = RemindersListPresenter.swift; sourceTree = "<group>"; };
		48BAA4012BB982F30003E82F /* RemindersListAssembly.swift */ = {isa = PBXFileReference; lastKnownFileType = sourcecode.swift; path = RemindersListAssembly.swift; sourceTree = "<group>"; };
		48BAA4062BB98C820003E82F /* Reminder.swift */ = {isa = PBXFileReference; lastKnownFileType = sourcecode.swift; path = Reminder.swift; sourceTree = "<group>"; };
		DE4A09B6D32A034EC7BB6409 /* Pods-Today.release.xcconfig */ = {isa = PBXFileReference; includeInIndex = 1; lastKnownFileType = text.xcconfig; name = "Pods-Today.release.xcconfig"; path = "Target Support Files/Pods-Today/Pods-Today.release.xcconfig"; sourceTree = "<group>"; };
/* End PBXFileReference section */

/* Begin PBXFrameworksBuildPhase section */
		4898FB412BB0A6CF004566D5 /* Frameworks */ = {
			isa = PBXFrameworksBuildPhase;
			buildActionMask = 2147483647;
			files = (
				2688592E0D7070B2AE5C895D /* Pods_Today.framework in Frameworks */,
			);
			runOnlyForDeploymentPostprocessing = 0;
		};
/* End PBXFrameworksBuildPhase section */

/* Begin PBXGroup section */
		4898FB3B2BB0A6CF004566D5 = {
			isa = PBXGroup;
			children = (
				4898FB462BB0A6CF004566D5 /* Today */,
				4898FB452BB0A6CF004566D5 /* Products */,
				9BD1FA6907BE5B87BCBE4F27 /* Pods */,
				D6C30732B25103FF71F8DE56 /* Frameworks */,
			);
			sourceTree = "<group>";
		};
		4898FB452BB0A6CF004566D5 /* Products */ = {
			isa = PBXGroup;
			children = (
				4898FB442BB0A6CF004566D5 /* Today.app */,
			);
			name = Products;
			sourceTree = "<group>";
		};
		4898FB462BB0A6CF004566D5 /* Today */ = {
			isa = PBXGroup;
			children = (
				48BAA3FC2BB982890003E82F /* UserStories */,
				4898FB472BB0A6CF004566D5 /* AppDelegate.swift */,
				4898FB502BB0A6D2004566D5 /* Assets.xcassets */,
				4898FB522BB0A6D2004566D5 /* LaunchScreen.storyboard */,
				4898FB552BB0A6D2004566D5 /* Info.plist */,
			);
			path = Today;
			sourceTree = "<group>";
		};
		48BAA3FC2BB982890003E82F /* UserStories */ = {
			isa = PBXGroup;
			children = (
				48BAA3FD2BB9829B0003E82F /* RemindersList */,
			);
			path = UserStories;
			sourceTree = "<group>";
		};
		48BAA3FD2BB9829B0003E82F /* RemindersList */ = {
			isa = PBXGroup;
			children = (
				48BAA4042BB98C650003E82F /* Core */,
				48BAA3FE2BB982A50003E82F /* Presentation */,
			);
			path = RemindersList;
			sourceTree = "<group>";
		};
		48BAA3FE2BB982A50003E82F /* Presentation */ = {
			isa = PBXGroup;
			children = (
				48BAA4032BB982FE0003E82F /* Views */,
				4898FB4B2BB0A6CF004566D5 /* RemindersListViewController.swift */,
				48BAA3FF2BB982E30003E82F /* RemindersListPresenter.swift */,
				48BAA4012BB982F30003E82F /* RemindersListAssembly.swift */,
			);
			path = Presentation;
			sourceTree = "<group>";
		};
		48BAA4032BB982FE0003E82F /* Views */ = {
			isa = PBXGroup;
			children = (
			);
			path = Views;
			sourceTree = "<group>";
		};
		48BAA4042BB98C650003E82F /* Core */ = {
			isa = PBXGroup;
			children = (
				48BAA4052BB98C6A0003E82F /* Models */,
			);
			path = Core;
			sourceTree = "<group>";
		};
		48BAA4052BB98C6A0003E82F /* Models */ = {
			isa = PBXGroup;
			children = (
				48BAA4062BB98C820003E82F /* Reminder.swift */,
			);
			path = Models;
			sourceTree = "<group>";
		};
		9BD1FA6907BE5B87BCBE4F27 /* Pods */ = {
			isa = PBXGroup;
			children = (
				47C58314ACAC01F91AEA47B4 /* Pods-Today.debug.xcconfig */,
				DE4A09B6D32A034EC7BB6409 /* Pods-Today.release.xcconfig */,
			);
			path = Pods;
			sourceTree = "<group>";
		};
		D6C30732B25103FF71F8DE56 /* Frameworks */ = {
			isa = PBXGroup;
			children = (
				054CB42F5C1E05CADD7AE95D /* Pods_Today.framework */,
			);
			name = Frameworks;
			sourceTree = "<group>";
		};
/* End PBXGroup section */

/* Begin PBXNativeTarget section */
		4898FB432BB0A6CF004566D5 /* Today */ = {
			isa = PBXNativeTarget;
			buildConfigurationList = 4898FB582BB0A6D2004566D5 /* Build configuration list for PBXNativeTarget "Today" */;
			buildPhases = (
				2B43A5FDA510E2FD788E20F0 /* [CP] Check Pods Manifest.lock */,
				4898FB402BB0A6CF004566D5 /* Sources */,
				4898FB412BB0A6CF004566D5 /* Frameworks */,
				4898FB422BB0A6CF004566D5 /* Resources */,
				F022D1627C3AB07533CC5DED /* [CP] Embed Pods Frameworks */,
				48BAA3FB2BB0AF1A0003E82F /* ShellScript */,
			);
			buildRules = (
			);
			dependencies = (
			);
			name = Today;
			productName = Today;
			productReference = 4898FB442BB0A6CF004566D5 /* Today.app */;
			productType = "com.apple.product-type.application";
		};
/* End PBXNativeTarget section */

/* Begin PBXProject section */
		4898FB3C2BB0A6CF004566D5 /* Project object */ = {
			isa = PBXProject;
			attributes = {
				BuildIndependentTargetsInParallel = 1;
				LastSwiftUpdateCheck = 1430;
				LastUpgradeCheck = 1430;
				TargetAttributes = {
					4898FB432BB0A6CF004566D5 = {
						CreatedOnToolsVersion = 14.3.1;
					};
				};
			};
			buildConfigurationList = 4898FB3F2BB0A6CF004566D5 /* Build configuration list for PBXProject "Today" */;
			compatibilityVersion = "Xcode 14.0";
			developmentRegion = en;
			hasScannedForEncodings = 0;
			knownRegions = (
				en,
				Base,
			);
			mainGroup = 4898FB3B2BB0A6CF004566D5;
			productRefGroup = 4898FB452BB0A6CF004566D5 /* Products */;
			projectDirPath = "";
			projectRoot = "";
			targets = (
				4898FB432BB0A6CF004566D5 /* Today */,
			);
		};
/* End PBXProject section */

/* Begin PBXResourcesBuildPhase section */
		4898FB422BB0A6CF004566D5 /* Resources */ = {
			isa = PBXResourcesBuildPhase;
			buildActionMask = 2147483647;
			files = (
				4898FB542BB0A6D2004566D5 /* LaunchScreen.storyboard in Resources */,
				4898FB512BB0A6D2004566D5 /* Assets.xcassets in Resources */,
			);
			runOnlyForDeploymentPostprocessing = 0;
		};
/* End PBXResourcesBuildPhase section */

/* Begin PBXShellScriptBuildPhase section */
		2B43A5FDA510E2FD788E20F0 /* [CP] Check Pods Manifest.lock */ = {
			isa = PBXShellScriptBuildPhase;
			buildActionMask = 2147483647;
			files = (
			);
			inputFileListPaths = (
			);
			inputPaths = (
				"${PODS_PODFILE_DIR_PATH}/Podfile.lock",
				"${PODS_ROOT}/Manifest.lock",
			);
			name = "[CP] Check Pods Manifest.lock";
			outputFileListPaths = (
			);
			outputPaths = (
				"$(DERIVED_FILE_DIR)/Pods-Today-checkManifestLockResult.txt",
			);
			runOnlyForDeploymentPostprocessing = 0;
			shellPath = /bin/sh;
			shellScript = "diff \"${PODS_PODFILE_DIR_PATH}/Podfile.lock\" \"${PODS_ROOT}/Manifest.lock\" > /dev/null\nif [ $? != 0 ] ; then\n    # print error to STDERR\n    echo \"error: The sandbox is not in sync with the Podfile.lock. Run 'pod install' or update your CocoaPods installation.\" >&2\n    exit 1\nfi\n# This output is used by Xcode 'outputs' to avoid re-running this script phase.\necho \"SUCCESS\" > \"${SCRIPT_OUTPUT_FILE_0}\"\n";
			showEnvVarsInLog = 0;
		};
		48BAA3FB2BB0AF1A0003E82F /* ShellScript */ = {
			isa = PBXShellScriptBuildPhase;
			buildActionMask = 12;
			files = (
			);
			inputFileListPaths = (
			);
			inputPaths = (
			);
			outputFileListPaths = (
			);
			outputPaths = (
			);
			runOnlyForDeploymentPostprocessing = 0;
			shellPath = /bin/sh;
			shellScript = "if [[ \"$(uname -m)\" == arm64 ]]; then\n    export PATH=\"/opt/homebrew/bin:$PATH\"\nfi\n\nif which swiftlint > /dev/null; then\n  swiftlint\nelse\n  echo \"warning: SwiftLint not installed, download from https://github.com/realm/SwiftLint\"\nfi\n";
		};
		F022D1627C3AB07533CC5DED /* [CP] Embed Pods Frameworks */ = {
			isa = PBXShellScriptBuildPhase;
			buildActionMask = 2147483647;
			files = (
			);
			inputFileListPaths = (
				"${PODS_ROOT}/Target Support Files/Pods-Today/Pods-Today-frameworks-${CONFIGURATION}-input-files.xcfilelist",
			);
			name = "[CP] Embed Pods Frameworks";
			outputFileListPaths = (
				"${PODS_ROOT}/Target Support Files/Pods-Today/Pods-Today-frameworks-${CONFIGURATION}-output-files.xcfilelist",
			);
			runOnlyForDeploymentPostprocessing = 0;
			shellPath = /bin/sh;
			shellScript = "\"${PODS_ROOT}/Target Support Files/Pods-Today/Pods-Today-frameworks.sh\"\n";
			showEnvVarsInLog = 0;
		};
/* End PBXShellScriptBuildPhase section */

/* Begin PBXSourcesBuildPhase section */
		4898FB402BB0A6CF004566D5 /* Sources */ = {
			isa = PBXSourcesBuildPhase;
			buildActionMask = 2147483647;
			files = (
				4898FB4C2BB0A6CF004566D5 /* RemindersListViewController.swift in Sources */,
				4898FB482BB0A6CF004566D5 /* AppDelegate.swift in Sources */,
				48BAA4002BB982E30003E82F /* RemindersListPresenter.swift in Sources */,
				48BAA4022BB982F30003E82F /* RemindersListAssembly.swift in Sources */,
				48BAA4072BB98C820003E82F /* Reminder.swift in Sources */,
			);
			runOnlyForDeploymentPostprocessing = 0;
		};
/* End PBXSourcesBuildPhase section */

/* Begin PBXVariantGroup section */
		4898FB522BB0A6D2004566D5 /* LaunchScreen.storyboard */ = {
			isa = PBXVariantGroup;
			children = (
				4898FB532BB0A6D2004566D5 /* Base */,
			);
			name = LaunchScreen.storyboard;
			sourceTree = "<group>";
		};
/* End PBXVariantGroup section */

/* Begin XCBuildConfiguration section */
		4898FB562BB0A6D2004566D5 /* Debug */ = {
			isa = XCBuildConfiguration;
			buildSettings = {
				ALWAYS_SEARCH_USER_PATHS = NO;
				CLANG_ANALYZER_NONNULL = YES;
				CLANG_ANALYZER_NUMBER_OBJECT_CONVERSION = YES_AGGRESSIVE;
				CLANG_CXX_LANGUAGE_STANDARD = "gnu++20";
				CLANG_ENABLE_MODULES = YES;
				CLANG_ENABLE_OBJC_ARC = YES;
				CLANG_ENABLE_OBJC_WEAK = YES;
				CLANG_WARN_BLOCK_CAPTURE_AUTORELEASING = YES;
				CLANG_WARN_BOOL_CONVERSION = YES;
				CLANG_WARN_COMMA = YES;
				CLANG_WARN_CONSTANT_CONVERSION = YES;
				CLANG_WARN_DEPRECATED_OBJC_IMPLEMENTATIONS = YES;
				CLANG_WARN_DIRECT_OBJC_ISA_USAGE = YES_ERROR;
				CLANG_WARN_DOCUMENTATION_COMMENTS = YES;
				CLANG_WARN_EMPTY_BODY = YES;
				CLANG_WARN_ENUM_CONVERSION = YES;
				CLANG_WARN_INFINITE_RECURSION = YES;
				CLANG_WARN_INT_CONVERSION = YES;
				CLANG_WARN_NON_LITERAL_NULL_CONVERSION = YES;
				CLANG_WARN_OBJC_IMPLICIT_RETAIN_SELF = YES;
				CLANG_WARN_OBJC_LITERAL_CONVERSION = YES;
				CLANG_WARN_OBJC_ROOT_CLASS = YES_ERROR;
				CLANG_WARN_QUOTED_INCLUDE_IN_FRAMEWORK_HEADER = YES;
				CLANG_WARN_RANGE_LOOP_ANALYSIS = YES;
				CLANG_WARN_STRICT_PROTOTYPES = YES;
				CLANG_WARN_SUSPICIOUS_MOVE = YES;
				CLANG_WARN_UNGUARDED_AVAILABILITY = YES_AGGRESSIVE;
				CLANG_WARN_UNREACHABLE_CODE = YES;
				CLANG_WARN__DUPLICATE_METHOD_MATCH = YES;
				COPY_PHASE_STRIP = NO;
				DEBUG_INFORMATION_FORMAT = dwarf;
				ENABLE_STRICT_OBJC_MSGSEND = YES;
				ENABLE_TESTABILITY = YES;
				GCC_C_LANGUAGE_STANDARD = gnu11;
				GCC_DYNAMIC_NO_PIC = NO;
				GCC_NO_COMMON_BLOCKS = YES;
				GCC_OPTIMIZATION_LEVEL = 0;
				GCC_PREPROCESSOR_DEFINITIONS = (
					"DEBUG=1",
					"$(inherited)",
				);
				GCC_WARN_64_TO_32_BIT_CONVERSION = YES;
				GCC_WARN_ABOUT_RETURN_TYPE = YES_ERROR;
				GCC_WARN_UNDECLARED_SELECTOR = YES;
				GCC_WARN_UNINITIALIZED_AUTOS = YES_AGGRESSIVE;
				GCC_WARN_UNUSED_FUNCTION = YES;
				GCC_WARN_UNUSED_VARIABLE = YES;
				IPHONEOS_DEPLOYMENT_TARGET = 16.4;
				MTL_ENABLE_DEBUG_INFO = INCLUDE_SOURCE;
				MTL_FAST_MATH = YES;
				ONLY_ACTIVE_ARCH = YES;
				SDKROOT = iphoneos;
				SWIFT_ACTIVE_COMPILATION_CONDITIONS = DEBUG;
				SWIFT_OPTIMIZATION_LEVEL = "-Onone";
			};
			name = Debug;
		};
		4898FB572BB0A6D2004566D5 /* Release */ = {
			isa = XCBuildConfiguration;
			buildSettings = {
				ALWAYS_SEARCH_USER_PATHS = NO;
				CLANG_ANALYZER_NONNULL = YES;
				CLANG_ANALYZER_NUMBER_OBJECT_CONVERSION = YES_AGGRESSIVE;
				CLANG_CXX_LANGUAGE_STANDARD = "gnu++20";
				CLANG_ENABLE_MODULES = YES;
				CLANG_ENABLE_OBJC_ARC = YES;
				CLANG_ENABLE_OBJC_WEAK = YES;
				CLANG_WARN_BLOCK_CAPTURE_AUTORELEASING = YES;
				CLANG_WARN_BOOL_CONVERSION = YES;
				CLANG_WARN_COMMA = YES;
				CLANG_WARN_CONSTANT_CONVERSION = YES;
				CLANG_WARN_DEPRECATED_OBJC_IMPLEMENTATIONS = YES;
				CLANG_WARN_DIRECT_OBJC_ISA_USAGE = YES_ERROR;
				CLANG_WARN_DOCUMENTATION_COMMENTS = YES;
				CLANG_WARN_EMPTY_BODY = YES;
				CLANG_WARN_ENUM_CONVERSION = YES;
				CLANG_WARN_INFINITE_RECURSION = YES;
				CLANG_WARN_INT_CONVERSION = YES;
				CLANG_WARN_NON_LITERAL_NULL_CONVERSION = YES;
				CLANG_WARN_OBJC_IMPLICIT_RETAIN_SELF = YES;
				CLANG_WARN_OBJC_LITERAL_CONVERSION = YES;
				CLANG_WARN_OBJC_ROOT_CLASS = YES_ERROR;
				CLANG_WARN_QUOTED_INCLUDE_IN_FRAMEWORK_HEADER = YES;
				CLANG_WARN_RANGE_LOOP_ANALYSIS = YES;
				CLANG_WARN_STRICT_PROTOTYPES = YES;
				CLANG_WARN_SUSPICIOUS_MOVE = YES;
				CLANG_WARN_UNGUARDED_AVAILABILITY = YES_AGGRESSIVE;
				CLANG_WARN_UNREACHABLE_CODE = YES;
				CLANG_WARN__DUPLICATE_METHOD_MATCH = YES;
				COPY_PHASE_STRIP = NO;
				DEBUG_INFORMATION_FORMAT = "dwarf-with-dsym";
				ENABLE_NS_ASSERTIONS = NO;
				ENABLE_STRICT_OBJC_MSGSEND = YES;
				GCC_C_LANGUAGE_STANDARD = gnu11;
				GCC_NO_COMMON_BLOCKS = YES;
				GCC_WARN_64_TO_32_BIT_CONVERSION = YES;
				GCC_WARN_ABOUT_RETURN_TYPE = YES_ERROR;
				GCC_WARN_UNDECLARED_SELECTOR = YES;
				GCC_WARN_UNINITIALIZED_AUTOS = YES_AGGRESSIVE;
				GCC_WARN_UNUSED_FUNCTION = YES;
				GCC_WARN_UNUSED_VARIABLE = YES;
				IPHONEOS_DEPLOYMENT_TARGET = 16.4;
				MTL_ENABLE_DEBUG_INFO = NO;
				MTL_FAST_MATH = YES;
				SDKROOT = iphoneos;
				SWIFT_COMPILATION_MODE = wholemodule;
				SWIFT_OPTIMIZATION_LEVEL = "-O";
				VALIDATE_PRODUCT = YES;
			};
			name = Release;
		};
		4898FB592BB0A6D2004566D5 /* Debug */ = {
			isa = XCBuildConfiguration;
			baseConfigurationReference = 47C58314ACAC01F91AEA47B4 /* Pods-Today.debug.xcconfig */;
			buildSettings = {
				ASSETCATALOG_COMPILER_APPICON_NAME = AppIcon;
				ASSETCATALOG_COMPILER_GLOBAL_ACCENT_COLOR_NAME = AccentColor;
				CODE_SIGN_STYLE = Automatic;
				CURRENT_PROJECT_VERSION = 1;
				DEVELOPMENT_TEAM = XE7XG94NL5;
				GENERATE_INFOPLIST_FILE = YES;
				INFOPLIST_FILE = Today/Info.plist;
				INFOPLIST_KEY_UIApplicationSupportsIndirectInputEvents = YES;
				INFOPLIST_KEY_UILaunchStoryboardName = LaunchScreen;
				INFOPLIST_KEY_UISupportedInterfaceOrientations = UIInterfaceOrientationPortrait;
				INFOPLIST_KEY_UISupportedInterfaceOrientations_iPad = "UIInterfaceOrientationLandscapeLeft UIInterfaceOrientationLandscapeRight UIInterfaceOrientationPortrait UIInterfaceOrientationPortraitUpsideDown";
				IPHONEOS_DEPLOYMENT_TARGET = 15.0;
				LD_RUNPATH_SEARCH_PATHS = (
					"$(inherited)",
					"@executable_path/Frameworks",
				);
				MARKETING_VERSION = 1.0;
				PRODUCT_BUNDLE_IDENTIFIER = com.igrebeniuk.today.Today;
				PRODUCT_NAME = "$(TARGET_NAME)";
				SUPPORTED_PLATFORMS = "iphoneos iphonesimulator";
				SUPPORTS_MACCATALYST = NO;
				SUPPORTS_MAC_DESIGNED_FOR_IPHONE_IPAD = NO;
				SWIFT_EMIT_LOC_STRINGS = YES;
				SWIFT_VERSION = 5.0;
				TARGETED_DEVICE_FAMILY = 1;
			};
			name = Debug;
		};
		4898FB5A2BB0A6D2004566D5 /* Release */ = {
			isa = XCBuildConfiguration;
			baseConfigurationReference = DE4A09B6D32A034EC7BB6409 /* Pods-Today.release.xcconfig */;
			buildSettings = {
				ASSETCATALOG_COMPILER_APPICON_NAME = AppIcon;
				ASSETCATALOG_COMPILER_GLOBAL_ACCENT_COLOR_NAME = AccentColor;
				CODE_SIGN_STYLE = Automatic;
				CURRENT_PROJECT_VERSION = 1;
				DEVELOPMENT_TEAM = XE7XG94NL5;
				GENERATE_INFOPLIST_FILE = YES;
				INFOPLIST_FILE = Today/Info.plist;
				INFOPLIST_KEY_UIApplicationSupportsIndirectInputEvents = YES;
				INFOPLIST_KEY_UILaunchStoryboardName = LaunchScreen;
				INFOPLIST_KEY_UISupportedInterfaceOrientations = UIInterfaceOrientationPortrait;
				INFOPLIST_KEY_UISupportedInterfaceOrientations_iPad = "UIInterfaceOrientationLandscapeLeft UIInterfaceOrientationLandscapeRight UIInterfaceOrientationPortrait UIInterfaceOrientationPortraitUpsideDown";
				IPHONEOS_DEPLOYMENT_TARGET = 15.0;
				LD_RUNPATH_SEARCH_PATHS = (
					"$(inherited)",
					"@executable_path/Frameworks",
				);
				MARKETING_VERSION = 1.0;
				PRODUCT_BUNDLE_IDENTIFIER = com.igrebeniuk.today.Today;
				PRODUCT_NAME = "$(TARGET_NAME)";
				SUPPORTED_PLATFORMS = "iphoneos iphonesimulator";
				SUPPORTS_MACCATALYST = NO;
				SUPPORTS_MAC_DESIGNED_FOR_IPHONE_IPAD = NO;
				SWIFT_EMIT_LOC_STRINGS = YES;
				SWIFT_VERSION = 5.0;
				TARGETED_DEVICE_FAMILY = 1;
			};
			name = Release;
		};
/* End XCBuildConfiguration section */

/* Begin XCConfigurationList section */
		4898FB3F2BB0A6CF004566D5 /* Build configuration list for PBXProject "Today" */ = {
			isa = XCConfigurationList;
			buildConfigurations = (
				4898FB562BB0A6D2004566D5 /* Debug */,
				4898FB572BB0A6D2004566D5 /* Release */,
			);
			defaultConfigurationIsVisible = 0;
			defaultConfigurationName = Release;
		};
		4898FB582BB0A6D2004566D5 /* Build configuration list for PBXNativeTarget "Today" */ = {
			isa = XCConfigurationList;
			buildConfigurations = (
				4898FB592BB0A6D2004566D5 /* Debug */,
				4898FB5A2BB0A6D2004566D5 /* Release */,
			);
			defaultConfigurationIsVisible = 0;
			defaultConfigurationName = Release;
		};
/* End XCConfigurationList section */
	};
	rootObject = 4898FB3C2BB0A6CF004566D5 /* Project object */;
}
